// !$*UTF8*$!
{
	archiveVersion = 1;
	classes = {
	};
	objectVersion = 56;
	objects = {

/* Begin PBXBuildFile section */
		025F39022B88CC080036C39C /* StudyPlannerApp.swift in Sources */ = {isa = PBXBuildFile; fileRef = 025F39012B88CC080036C39C /* StudyPlannerApp.swift */; };
		025F39062B88CC090036C39C /* Assets.xcassets in Resources */ = {isa = PBXBuildFile; fileRef = 025F39052B88CC090036C39C /* Assets.xcassets */; };
		025F39092B88CC090036C39C /* Preview Assets.xcassets in Resources */ = {isa = PBXBuildFile; fileRef = 025F39082B88CC090036C39C /* Preview Assets.xcassets */; };
		025F39132B88CC090036C39C /* StudyPlannerTests.swift in Sources */ = {isa = PBXBuildFile; fileRef = 025F39122B88CC090036C39C /* StudyPlannerTests.swift */; };
		025F392D2B88DA7C0036C39C /* Collection+Ext.swift in Sources */ = {isa = PBXBuildFile; fileRef = 025F392C2B88DA7C0036C39C /* Collection+Ext.swift */; };
		025F39342B8908F50036C39C /* StudySeries.swift in Sources */ = {isa = PBXBuildFile; fileRef = 025F39332B8908F50036C39C /* StudySeries.swift */; };
		9C0D39192B9BA316007E1902 /* StudySeriesViewModel.swift in Sources */ = {isa = PBXBuildFile; fileRef = 9C0D39182B9BA316007E1902 /* StudySeriesViewModel.swift */; };
		9C15AD212B8BC161001AF00A /* Color+Ext.swift in Sources */ = {isa = PBXBuildFile; fileRef = 9C15AD202B8BC161001AF00A /* Color+Ext.swift */; };
		9C390A422B93C8DC00F2E5B5 /* SubjectFieldView.swift in Sources */ = {isa = PBXBuildFile; fileRef = 9C390A412B93C8DC00F2E5B5 /* SubjectFieldView.swift */; };
		9C390A442B93C98F00F2E5B5 /* StudySeriesView.swift in Sources */ = {isa = PBXBuildFile; fileRef = 9C390A432B93C98F00F2E5B5 /* StudySeriesView.swift */; };
		9C390A462B93C9AA00F2E5B5 /* ColorSelectionView.swift in Sources */ = {isa = PBXBuildFile; fileRef = 9C390A452B93C9AA00F2E5B5 /* ColorSelectionView.swift */; };
		9C390A482B93C9EF00F2E5B5 /* NotesFieldView.swift in Sources */ = {isa = PBXBuildFile; fileRef = 9C390A472B93C9EF00F2E5B5 /* NotesFieldView.swift */; };
		9C390A4A2B93CB1E00F2E5B5 /* CalendarPageView.swift in Sources */ = {isa = PBXBuildFile; fileRef = 9C390A492B93CB1E00F2E5B5 /* CalendarPageView.swift */; };
		9C390A4F2B93CBCE00F2E5B5 /* SPDay.swift in Sources */ = {isa = PBXBuildFile; fileRef = 9C390A4E2B93CBCE00F2E5B5 /* SPDay.swift */; };
		9C390A512B93CC3800F2E5B5 /* Date+Ext.swift in Sources */ = {isa = PBXBuildFile; fileRef = 9C390A502B93CC3800F2E5B5 /* Date+Ext.swift */; };
		9C99D7E52B97A40300886E96 /* StudySession.swift in Sources */ = {isa = PBXBuildFile; fileRef = 9C99D7E42B97A40300886E96 /* StudySession.swift */; };
		9C9EED2E2B9B1D8B008950A7 /* ModelDataSource.swift in Sources */ = {isa = PBXBuildFile; fileRef = 9C9EED2D2B9B1D8B008950A7 /* ModelDataSource.swift */; };
		9CC5EA5B2B8952D700E42522 /* Constants.swift in Sources */ = {isa = PBXBuildFile; fileRef = 9CC5EA5A2B8952D700E42522 /* Constants.swift */; };
		9CDB39E42B8A7A2B00CD03A5 /* StudySessionView.swift in Sources */ = {isa = PBXBuildFile; fileRef = 9CDB39E32B8A7A2B00CD03A5 /* StudySessionView.swift */; };
		9CE36A202BA0F20400A135A6 /* CalendarDayView.swift in Sources */ = {isa = PBXBuildFile; fileRef = 9CE36A1F2BA0F20400A135A6 /* CalendarDayView.swift */; };
		E45745CB2BCC601F00CE0D9D /* YearMonthPickerView.swift in Sources */ = {isa = PBXBuildFile; fileRef = E45745CA2BCC601F00CE0D9D /* YearMonthPickerView.swift */; };
		E45745CD2BCC604900CE0D9D /* YearMonthPickerViewModel.swift in Sources */ = {isa = PBXBuildFile; fileRef = E45745CC2BCC604900CE0D9D /* YearMonthPickerViewModel.swift */; };
		E4CEB9872BC47DDA00457D21 /* CalendarMonthView.swift in Sources */ = {isa = PBXBuildFile; fileRef = E4CEB9862BC47DDA00457D21 /* CalendarMonthView.swift */; };
		E4CEB9892BC47DEA00457D21 /* CalendarMonthViewModel.swift in Sources */ = {isa = PBXBuildFile; fileRef = E4CEB9882BC47DEA00457D21 /* CalendarMonthViewModel.swift */; };
		E4CEB98B2BC5CDD100457D21 /* CalendarPageViewModel.swift in Sources */ = {isa = PBXBuildFile; fileRef = E4CEB98A2BC5CDD100457D21 /* CalendarPageViewModel.swift */; };
/* End PBXBuildFile section */

/* Begin PBXContainerItemProxy section */
		025F390F2B88CC090036C39C /* PBXContainerItemProxy */ = {
			isa = PBXContainerItemProxy;
			containerPortal = 025F38F62B88CC080036C39C /* Project object */;
			proxyType = 1;
			remoteGlobalIDString = 025F38FD2B88CC080036C39C;
			remoteInfo = StudyPlanner;
		};
/* End PBXContainerItemProxy section */

/* Begin PBXFileReference section */
		025F38FE2B88CC080036C39C /* StudyPlanner.app */ = {isa = PBXFileReference; explicitFileType = wrapper.application; includeInIndex = 0; path = StudyPlanner.app; sourceTree = BUILT_PRODUCTS_DIR; };
		025F39012B88CC080036C39C /* StudyPlannerApp.swift */ = {isa = PBXFileReference; lastKnownFileType = sourcecode.swift; path = StudyPlannerApp.swift; sourceTree = "<group>"; };
		025F39052B88CC090036C39C /* Assets.xcassets */ = {isa = PBXFileReference; lastKnownFileType = folder.assetcatalog; path = Assets.xcassets; sourceTree = "<group>"; };
		025F39082B88CC090036C39C /* Preview Assets.xcassets */ = {isa = PBXFileReference; lastKnownFileType = folder.assetcatalog; path = "Preview Assets.xcassets"; sourceTree = "<group>"; };
		025F390E2B88CC090036C39C /* StudyPlannerTests.xctest */ = {isa = PBXFileReference; explicitFileType = wrapper.cfbundle; includeInIndex = 0; path = StudyPlannerTests.xctest; sourceTree = BUILT_PRODUCTS_DIR; };
		025F39122B88CC090036C39C /* StudyPlannerTests.swift */ = {isa = PBXFileReference; lastKnownFileType = sourcecode.swift; path = StudyPlannerTests.swift; sourceTree = "<group>"; };
		025F392C2B88DA7C0036C39C /* Collection+Ext.swift */ = {isa = PBXFileReference; lastKnownFileType = sourcecode.swift; path = "Collection+Ext.swift"; sourceTree = "<group>"; };
		025F39332B8908F50036C39C /* StudySeries.swift */ = {isa = PBXFileReference; lastKnownFileType = sourcecode.swift; path = StudySeries.swift; sourceTree = "<group>"; };
		9C0D39182B9BA316007E1902 /* StudySeriesViewModel.swift */ = {isa = PBXFileReference; lastKnownFileType = sourcecode.swift; path = StudySeriesViewModel.swift; sourceTree = "<group>"; };
		9C15AD202B8BC161001AF00A /* Color+Ext.swift */ = {isa = PBXFileReference; lastKnownFileType = sourcecode.swift; path = "Color+Ext.swift"; sourceTree = "<group>"; };
		9C390A412B93C8DC00F2E5B5 /* SubjectFieldView.swift */ = {isa = PBXFileReference; lastKnownFileType = sourcecode.swift; path = SubjectFieldView.swift; sourceTree = "<group>"; };
		9C390A432B93C98F00F2E5B5 /* StudySeriesView.swift */ = {isa = PBXFileReference; fileEncoding = 4; lastKnownFileType = sourcecode.swift; path = StudySeriesView.swift; sourceTree = "<group>"; };
		9C390A452B93C9AA00F2E5B5 /* ColorSelectionView.swift */ = {isa = PBXFileReference; lastKnownFileType = sourcecode.swift; path = ColorSelectionView.swift; sourceTree = "<group>"; };
		9C390A472B93C9EF00F2E5B5 /* NotesFieldView.swift */ = {isa = PBXFileReference; lastKnownFileType = sourcecode.swift; path = NotesFieldView.swift; sourceTree = "<group>"; };
		9C390A492B93CB1E00F2E5B5 /* CalendarPageView.swift */ = {isa = PBXFileReference; lastKnownFileType = sourcecode.swift; path = CalendarPageView.swift; sourceTree = "<group>"; };
		9C390A4E2B93CBCE00F2E5B5 /* SPDay.swift */ = {isa = PBXFileReference; lastKnownFileType = sourcecode.swift; path = SPDay.swift; sourceTree = "<group>"; };
		9C390A502B93CC3800F2E5B5 /* Date+Ext.swift */ = {isa = PBXFileReference; lastKnownFileType = sourcecode.swift; path = "Date+Ext.swift"; sourceTree = "<group>"; };
		9C99D7E42B97A40300886E96 /* StudySession.swift */ = {isa = PBXFileReference; lastKnownFileType = sourcecode.swift; path = StudySession.swift; sourceTree = "<group>"; };
		9C9EED2D2B9B1D8B008950A7 /* ModelDataSource.swift */ = {isa = PBXFileReference; lastKnownFileType = sourcecode.swift; path = ModelDataSource.swift; sourceTree = "<group>"; };
		9CC5EA5A2B8952D700E42522 /* Constants.swift */ = {isa = PBXFileReference; lastKnownFileType = sourcecode.swift; path = Constants.swift; sourceTree = "<group>"; };
		9CDB39E32B8A7A2B00CD03A5 /* StudySessionView.swift */ = {isa = PBXFileReference; lastKnownFileType = sourcecode.swift; path = StudySessionView.swift; sourceTree = "<group>"; };
		9CE36A1F2BA0F20400A135A6 /* CalendarDayView.swift */ = {isa = PBXFileReference; lastKnownFileType = sourcecode.swift; path = CalendarDayView.swift; sourceTree = "<group>"; };
		E45745CA2BCC601F00CE0D9D /* YearMonthPickerView.swift */ = {isa = PBXFileReference; lastKnownFileType = sourcecode.swift; path = YearMonthPickerView.swift; sourceTree = "<group>"; };
		E45745CC2BCC604900CE0D9D /* YearMonthPickerViewModel.swift */ = {isa = PBXFileReference; lastKnownFileType = sourcecode.swift; path = YearMonthPickerViewModel.swift; sourceTree = "<group>"; };
		E4CEB9862BC47DDA00457D21 /* CalendarMonthView.swift */ = {isa = PBXFileReference; lastKnownFileType = sourcecode.swift; path = CalendarMonthView.swift; sourceTree = "<group>"; };
		E4CEB9882BC47DEA00457D21 /* CalendarMonthViewModel.swift */ = {isa = PBXFileReference; lastKnownFileType = sourcecode.swift; path = CalendarMonthViewModel.swift; sourceTree = "<group>"; };
		E4CEB98A2BC5CDD100457D21 /* CalendarPageViewModel.swift */ = {isa = PBXFileReference; lastKnownFileType = sourcecode.swift; path = CalendarPageViewModel.swift; sourceTree = "<group>"; };
/* End PBXFileReference section */

/* Begin PBXFrameworksBuildPhase section */
		025F38FB2B88CC080036C39C /* Frameworks */ = {
			isa = PBXFrameworksBuildPhase;
			buildActionMask = 2147483647;
			files = (
			);
			runOnlyForDeploymentPostprocessing = 0;
		};
		025F390B2B88CC090036C39C /* Frameworks */ = {
			isa = PBXFrameworksBuildPhase;
			buildActionMask = 2147483647;
			files = (
			);
			runOnlyForDeploymentPostprocessing = 0;
		};
/* End PBXFrameworksBuildPhase section */

/* Begin PBXGroup section */
		025F38F52B88CC080036C39C = {
			isa = PBXGroup;
			children = (
				025F39002B88CC080036C39C /* StudyPlanner */,
				025F39112B88CC090036C39C /* StudyPlannerTests */,
				025F38FF2B88CC080036C39C /* Products */,
			);
			sourceTree = "<group>";
		};
		025F38FF2B88CC080036C39C /* Products */ = {
			isa = PBXGroup;
			children = (
				025F38FE2B88CC080036C39C /* StudyPlanner.app */,
				025F390E2B88CC090036C39C /* StudyPlannerTests.xctest */,
			);
			name = Products;
			sourceTree = "<group>";
		};
		025F39002B88CC080036C39C /* StudyPlanner */ = {
			isa = PBXGroup;
			children = (
				025F39012B88CC080036C39C /* StudyPlannerApp.swift */,
				025F392B2B88DA280036C39C /* Extensions */,
				9CC5EA592B8952C600E42522 /* Utilities */,
				025F39322B8908DF0036C39C /* Model */,
				025F392E2B88DA900036C39C /* Views */,
				025F39052B88CC090036C39C /* Assets.xcassets */,
				025F39072B88CC090036C39C /* Preview Content */,
			);
			path = StudyPlanner;
			sourceTree = "<group>";
		};
		025F39072B88CC090036C39C /* Preview Content */ = {
			isa = PBXGroup;
			children = (
				025F39082B88CC090036C39C /* Preview Assets.xcassets */,
			);
			path = "Preview Content";
			sourceTree = "<group>";
		};
		025F39112B88CC090036C39C /* StudyPlannerTests */ = {
			isa = PBXGroup;
			children = (
				025F39122B88CC090036C39C /* StudyPlannerTests.swift */,
			);
			path = StudyPlannerTests;
			sourceTree = "<group>";
		};
		025F392B2B88DA280036C39C /* Extensions */ = {
			isa = PBXGroup;
			children = (
				025F392C2B88DA7C0036C39C /* Collection+Ext.swift */,
				9C15AD202B8BC161001AF00A /* Color+Ext.swift */,
				9C390A502B93CC3800F2E5B5 /* Date+Ext.swift */,
			);
			path = Extensions;
			sourceTree = "<group>";
		};
		025F392E2B88DA900036C39C /* Views */ = {
			isa = PBXGroup;
			children = (
				9C390A4B2B93CB3900F2E5B5 /* CalendarPageView */,
				025F392F2B88E7140036C39C /* StudySeries */,
			);
			path = Views;
			sourceTree = "<group>";
		};
		025F392F2B88E7140036C39C /* StudySeries */ = {
			isa = PBXGroup;
			children = (
				9C390A432B93C98F00F2E5B5 /* StudySeriesView.swift */,
				9C0D39182B9BA316007E1902 /* StudySeriesViewModel.swift */,
				9CDB39E22B8A79B100CD03A5 /* Subviews */,
			);
			path = StudySeries;
			sourceTree = "<group>";
		};
		025F39322B8908DF0036C39C /* Model */ = {
			isa = PBXGroup;
			children = (
				025F39332B8908F50036C39C /* StudySeries.swift */,
				9C99D7E42B97A40300886E96 /* StudySession.swift */,
				9C390A4E2B93CBCE00F2E5B5 /* SPDay.swift */,
			);
			path = Model;
			sourceTree = "<group>";
		};
		02F220552BC9692B00D9813E /* CalendarMonthView */ = {
			isa = PBXGroup;
			children = (
				E4CEB9862BC47DDA00457D21 /* CalendarMonthView.swift */,
				E4CEB9882BC47DEA00457D21 /* CalendarMonthViewModel.swift */,
				02F220562BC9694E00D9813E /* CalendarDayView */,
			);
			path = CalendarMonthView;
			sourceTree = "<group>";
		};
		02F220562BC9694E00D9813E /* CalendarDayView */ = {
			isa = PBXGroup;
			children = (
				9CE36A1F2BA0F20400A135A6 /* CalendarDayView.swift */,
			);
			path = CalendarDayView;
			sourceTree = "<group>";
		};
		9C390A4B2B93CB3900F2E5B5 /* CalendarPageView */ = {
			isa = PBXGroup;
			children = (
				9C390A492B93CB1E00F2E5B5 /* CalendarPageView.swift */,
				E4CEB98A2BC5CDD100457D21 /* CalendarPageViewModel.swift */,
				02F220552BC9692B00D9813E /* CalendarMonthView */,
				E45745C92BCC5FE300CE0D9D /* YearMonthPickerView */,
			);
			path = CalendarPageView;
			sourceTree = "<group>";
		};
		9CC5EA592B8952C600E42522 /* Utilities */ = {
			isa = PBXGroup;
			children = (
				9CC5EA5A2B8952D700E42522 /* Constants.swift */,
				9C9EED2D2B9B1D8B008950A7 /* ModelDataSource.swift */,
			);
			path = Utilities;
			sourceTree = "<group>";
		};
		9CDB39E22B8A79B100CD03A5 /* Subviews */ = {
			isa = PBXGroup;
			children = (
				9CDB39E32B8A7A2B00CD03A5 /* StudySessionView.swift */,
				9C390A412B93C8DC00F2E5B5 /* SubjectFieldView.swift */,
				9C390A452B93C9AA00F2E5B5 /* ColorSelectionView.swift */,
				9C390A472B93C9EF00F2E5B5 /* NotesFieldView.swift */,
			);
			path = Subviews;
			sourceTree = "<group>";
		};
		E45745C92BCC5FE300CE0D9D /* YearMonthPickerView */ = {
			isa = PBXGroup;
			children = (
				E45745CA2BCC601F00CE0D9D /* YearMonthPickerView.swift */,
				E45745CC2BCC604900CE0D9D /* YearMonthPickerViewModel.swift */,
			);
			path = YearMonthPickerView;
			sourceTree = "<group>";
		};
/* End PBXGroup section */

/* Begin PBXNativeTarget section */
		025F38FD2B88CC080036C39C /* StudyPlanner */ = {
			isa = PBXNativeTarget;
			buildConfigurationList = 025F39222B88CC090036C39C /* Build configuration list for PBXNativeTarget "StudyPlanner" */;
			buildPhases = (
				025F38FA2B88CC080036C39C /* Sources */,
				025F38FB2B88CC080036C39C /* Frameworks */,
				025F38FC2B88CC080036C39C /* Resources */,
			);
			buildRules = (
			);
			dependencies = (
			);
			name = StudyPlanner;
			productName = StudyPlanner;
			productReference = 025F38FE2B88CC080036C39C /* StudyPlanner.app */;
			productType = "com.apple.product-type.application";
		};
		025F390D2B88CC090036C39C /* StudyPlannerTests */ = {
			isa = PBXNativeTarget;
			buildConfigurationList = 025F39252B88CC090036C39C /* Build configuration list for PBXNativeTarget "StudyPlannerTests" */;
			buildPhases = (
				025F390A2B88CC090036C39C /* Sources */,
				025F390B2B88CC090036C39C /* Frameworks */,
				025F390C2B88CC090036C39C /* Resources */,
			);
			buildRules = (
			);
			dependencies = (
				025F39102B88CC090036C39C /* PBXTargetDependency */,
			);
			name = StudyPlannerTests;
			productName = StudyPlannerTests;
			productReference = 025F390E2B88CC090036C39C /* StudyPlannerTests.xctest */;
			productType = "com.apple.product-type.bundle.unit-test";
		};
/* End PBXNativeTarget section */

/* Begin PBXProject section */
		025F38F62B88CC080036C39C /* Project object */ = {
			isa = PBXProject;
			attributes = {
				BuildIndependentTargetsInParallel = 1;
				LastSwiftUpdateCheck = 1520;
				LastUpgradeCheck = 1520;
				TargetAttributes = {
					025F38FD2B88CC080036C39C = {
						CreatedOnToolsVersion = 15.2;
					};
					025F390D2B88CC090036C39C = {
						CreatedOnToolsVersion = 15.2;
						TestTargetID = 025F38FD2B88CC080036C39C;
					};
				};
			};
			buildConfigurationList = 025F38F92B88CC080036C39C /* Build configuration list for PBXProject "StudyPlanner" */;
			compatibilityVersion = "Xcode 14.0";
			developmentRegion = en;
			hasScannedForEncodings = 0;
			knownRegions = (
				en,
				Base,
			);
			mainGroup = 025F38F52B88CC080036C39C;
			productRefGroup = 025F38FF2B88CC080036C39C /* Products */;
			projectDirPath = "";
			projectRoot = "";
			targets = (
				025F38FD2B88CC080036C39C /* StudyPlanner */,
				025F390D2B88CC090036C39C /* StudyPlannerTests */,
			);
		};
/* End PBXProject section */

/* Begin PBXResourcesBuildPhase section */
		025F38FC2B88CC080036C39C /* Resources */ = {
			isa = PBXResourcesBuildPhase;
			buildActionMask = 2147483647;
			files = (
				025F39092B88CC090036C39C /* Preview Assets.xcassets in Resources */,
				025F39062B88CC090036C39C /* Assets.xcassets in Resources */,
			);
			runOnlyForDeploymentPostprocessing = 0;
		};
		025F390C2B88CC090036C39C /* Resources */ = {
			isa = PBXResourcesBuildPhase;
			buildActionMask = 2147483647;
			files = (
			);
			runOnlyForDeploymentPostprocessing = 0;
		};
/* End PBXResourcesBuildPhase section */

/* Begin PBXSourcesBuildPhase section */
		025F38FA2B88CC080036C39C /* Sources */ = {
			isa = PBXSourcesBuildPhase;
			buildActionMask = 2147483647;
			files = (
				E4CEB98B2BC5CDD100457D21 /* CalendarPageViewModel.swift in Sources */,
				025F39342B8908F50036C39C /* StudySeries.swift in Sources */,
				9CDB39E42B8A7A2B00CD03A5 /* StudySessionView.swift in Sources */,
				9C390A512B93CC3800F2E5B5 /* Date+Ext.swift in Sources */,
				025F392D2B88DA7C0036C39C /* Collection+Ext.swift in Sources */,
				9C390A462B93C9AA00F2E5B5 /* ColorSelectionView.swift in Sources */,
				9CC5EA5B2B8952D700E42522 /* Constants.swift in Sources */,
				9C390A422B93C8DC00F2E5B5 /* SubjectFieldView.swift in Sources */,
				9C99D7E52B97A40300886E96 /* StudySession.swift in Sources */,
				E4CEB9872BC47DDA00457D21 /* CalendarMonthView.swift in Sources */,
				9C390A4F2B93CBCE00F2E5B5 /* SPDay.swift in Sources */,
				9C390A4A2B93CB1E00F2E5B5 /* CalendarPageView.swift in Sources */,
				025F39022B88CC080036C39C /* StudyPlannerApp.swift in Sources */,
				9C9EED2E2B9B1D8B008950A7 /* ModelDataSource.swift in Sources */,
				9C390A482B93C9EF00F2E5B5 /* NotesFieldView.swift in Sources */,
				9C0D39192B9BA316007E1902 /* StudySeriesViewModel.swift in Sources */,
				E45745CB2BCC601F00CE0D9D /* YearMonthPickerView.swift in Sources */,
				9C15AD212B8BC161001AF00A /* Color+Ext.swift in Sources */,
				9C390A442B93C98F00F2E5B5 /* StudySeriesView.swift in Sources */,
				9CE36A202BA0F20400A135A6 /* CalendarDayView.swift in Sources */,
				E45745CD2BCC604900CE0D9D /* YearMonthPickerViewModel.swift in Sources */,
				E4CEB9892BC47DEA00457D21 /* CalendarMonthViewModel.swift in Sources */,
			);
			runOnlyForDeploymentPostprocessing = 0;
		};
		025F390A2B88CC090036C39C /* Sources */ = {
			isa = PBXSourcesBuildPhase;
			buildActionMask = 2147483647;
			files = (
				025F39132B88CC090036C39C /* StudyPlannerTests.swift in Sources */,
			);
			runOnlyForDeploymentPostprocessing = 0;
		};
/* End PBXSourcesBuildPhase section */

/* Begin PBXTargetDependency section */
		025F39102B88CC090036C39C /* PBXTargetDependency */ = {
			isa = PBXTargetDependency;
			target = 025F38FD2B88CC080036C39C /* StudyPlanner */;
			targetProxy = 025F390F2B88CC090036C39C /* PBXContainerItemProxy */;
		};
/* End PBXTargetDependency section */

/* Begin XCBuildConfiguration section */
		025F39202B88CC090036C39C /* Debug */ = {
			isa = XCBuildConfiguration;
			buildSettings = {
				ALWAYS_SEARCH_USER_PATHS = NO;
				ASSETCATALOG_COMPILER_GENERATE_SWIFT_ASSET_SYMBOL_EXTENSIONS = YES;
				CLANG_ANALYZER_NONNULL = YES;
				CLANG_ANALYZER_NUMBER_OBJECT_CONVERSION = YES_AGGRESSIVE;
				CLANG_CXX_LANGUAGE_STANDARD = "gnu++20";
				CLANG_ENABLE_MODULES = YES;
				CLANG_ENABLE_OBJC_ARC = YES;
				CLANG_ENABLE_OBJC_WEAK = YES;
				CLANG_WARN_BLOCK_CAPTURE_AUTORELEASING = YES;
				CLANG_WARN_BOOL_CONVERSION = YES;
				CLANG_WARN_COMMA = YES;
				CLANG_WARN_CONSTANT_CONVERSION = YES;
				CLANG_WARN_DEPRECATED_OBJC_IMPLEMENTATIONS = YES;
				CLANG_WARN_DIRECT_OBJC_ISA_USAGE = YES_ERROR;
				CLANG_WARN_DOCUMENTATION_COMMENTS = YES;
				CLANG_WARN_EMPTY_BODY = YES;
				CLANG_WARN_ENUM_CONVERSION = YES;
				CLANG_WARN_INFINITE_RECURSION = YES;
				CLANG_WARN_INT_CONVERSION = YES;
				CLANG_WARN_NON_LITERAL_NULL_CONVERSION = YES;
				CLANG_WARN_OBJC_IMPLICIT_RETAIN_SELF = YES;
				CLANG_WARN_OBJC_LITERAL_CONVERSION = YES;
				CLANG_WARN_OBJC_ROOT_CLASS = YES_ERROR;
				CLANG_WARN_QUOTED_INCLUDE_IN_FRAMEWORK_HEADER = YES;
				CLANG_WARN_RANGE_LOOP_ANALYSIS = YES;
				CLANG_WARN_STRICT_PROTOTYPES = YES;
				CLANG_WARN_SUSPICIOUS_MOVE = YES;
				CLANG_WARN_UNGUARDED_AVAILABILITY = YES_AGGRESSIVE;
				CLANG_WARN_UNREACHABLE_CODE = YES;
				CLANG_WARN__DUPLICATE_METHOD_MATCH = YES;
				COPY_PHASE_STRIP = NO;
				DEBUG_INFORMATION_FORMAT = dwarf;
				ENABLE_STRICT_OBJC_MSGSEND = YES;
				ENABLE_TESTABILITY = YES;
				ENABLE_USER_SCRIPT_SANDBOXING = YES;
				GCC_C_LANGUAGE_STANDARD = gnu17;
				GCC_DYNAMIC_NO_PIC = NO;
				GCC_NO_COMMON_BLOCKS = YES;
				GCC_OPTIMIZATION_LEVEL = 0;
				GCC_PREPROCESSOR_DEFINITIONS = (
					"DEBUG=1",
					"$(inherited)",
				);
				GCC_WARN_64_TO_32_BIT_CONVERSION = YES;
				GCC_WARN_ABOUT_RETURN_TYPE = YES_ERROR;
				GCC_WARN_UNDECLARED_SELECTOR = YES;
				GCC_WARN_UNINITIALIZED_AUTOS = YES_AGGRESSIVE;
				GCC_WARN_UNUSED_FUNCTION = YES;
				GCC_WARN_UNUSED_VARIABLE = YES;
				IPHONEOS_DEPLOYMENT_TARGET = 17.2;
				LOCALIZATION_PREFERS_STRING_CATALOGS = YES;
				MTL_ENABLE_DEBUG_INFO = INCLUDE_SOURCE;
				MTL_FAST_MATH = YES;
				ONLY_ACTIVE_ARCH = YES;
				SDKROOT = iphoneos;
				SWIFT_ACTIVE_COMPILATION_CONDITIONS = "DEBUG $(inherited)";
				SWIFT_OPTIMIZATION_LEVEL = "-Onone";
			};
			name = Debug;
		};
		025F39212B88CC090036C39C /* Release */ = {
			isa = XCBuildConfiguration;
			buildSettings = {
				ALWAYS_SEARCH_USER_PATHS = NO;
				ASSETCATALOG_COMPILER_GENERATE_SWIFT_ASSET_SYMBOL_EXTENSIONS = YES;
				CLANG_ANALYZER_NONNULL = YES;
				CLANG_ANALYZER_NUMBER_OBJECT_CONVERSION = YES_AGGRESSIVE;
				CLANG_CXX_LANGUAGE_STANDARD = "gnu++20";
				CLANG_ENABLE_MODULES = YES;
				CLANG_ENABLE_OBJC_ARC = YES;
				CLANG_ENABLE_OBJC_WEAK = YES;
				CLANG_WARN_BLOCK_CAPTURE_AUTORELEASING = YES;
				CLANG_WARN_BOOL_CONVERSION = YES;
				CLANG_WARN_COMMA = YES;
				CLANG_WARN_CONSTANT_CONVERSION = YES;
				CLANG_WARN_DEPRECATED_OBJC_IMPLEMENTATIONS = YES;
				CLANG_WARN_DIRECT_OBJC_ISA_USAGE = YES_ERROR;
				CLANG_WARN_DOCUMENTATION_COMMENTS = YES;
				CLANG_WARN_EMPTY_BODY = YES;
				CLANG_WARN_ENUM_CONVERSION = YES;
				CLANG_WARN_INFINITE_RECURSION = YES;
				CLANG_WARN_INT_CONVERSION = YES;
				CLANG_WARN_NON_LITERAL_NULL_CONVERSION = YES;
				CLANG_WARN_OBJC_IMPLICIT_RETAIN_SELF = YES;
				CLANG_WARN_OBJC_LITERAL_CONVERSION = YES;
				CLANG_WARN_OBJC_ROOT_CLASS = YES_ERROR;
				CLANG_WARN_QUOTED_INCLUDE_IN_FRAMEWORK_HEADER = YES;
				CLANG_WARN_RANGE_LOOP_ANALYSIS = YES;
				CLANG_WARN_STRICT_PROTOTYPES = YES;
				CLANG_WARN_SUSPICIOUS_MOVE = YES;
				CLANG_WARN_UNGUARDED_AVAILABILITY = YES_AGGRESSIVE;
				CLANG_WARN_UNREACHABLE_CODE = YES;
				CLANG_WARN__DUPLICATE_METHOD_MATCH = YES;
				COPY_PHASE_STRIP = NO;
				DEBUG_INFORMATION_FORMAT = "dwarf-with-dsym";
				ENABLE_NS_ASSERTIONS = NO;
				ENABLE_STRICT_OBJC_MSGSEND = YES;
				ENABLE_USER_SCRIPT_SANDBOXING = YES;
				GCC_C_LANGUAGE_STANDARD = gnu17;
				GCC_NO_COMMON_BLOCKS = YES;
				GCC_WARN_64_TO_32_BIT_CONVERSION = YES;
				GCC_WARN_ABOUT_RETURN_TYPE = YES_ERROR;
				GCC_WARN_UNDECLARED_SELECTOR = YES;
				GCC_WARN_UNINITIALIZED_AUTOS = YES_AGGRESSIVE;
				GCC_WARN_UNUSED_FUNCTION = YES;
				GCC_WARN_UNUSED_VARIABLE = YES;
				IPHONEOS_DEPLOYMENT_TARGET = 17.2;
				LOCALIZATION_PREFERS_STRING_CATALOGS = YES;
				MTL_ENABLE_DEBUG_INFO = NO;
				MTL_FAST_MATH = YES;
				SDKROOT = iphoneos;
				SWIFT_COMPILATION_MODE = wholemodule;
				VALIDATE_PRODUCT = YES;
			};
			name = Release;
		};
		025F39232B88CC090036C39C /* Debug */ = {
			isa = XCBuildConfiguration;
			buildSettings = {
				ASSETCATALOG_COMPILER_APPICON_NAME = AppIcon;
				ASSETCATALOG_COMPILER_GLOBAL_ACCENT_COLOR_NAME = AccentColor;
				CODE_SIGN_STYLE = Automatic;
				CURRENT_PROJECT_VERSION = 1;
				DEVELOPMENT_ASSET_PATHS = "\"StudyPlanner/Preview Content\"";
				DEVELOPMENT_TEAM = GX3C3AN8F9;
				ENABLE_PREVIEWS = YES;
				GENERATE_INFOPLIST_FILE = YES;
				INFOPLIST_KEY_UIApplicationSceneManifest_Generation = YES;
				INFOPLIST_KEY_UIApplicationSupportsIndirectInputEvents = YES;
				INFOPLIST_KEY_UILaunchScreen_Generation = YES;
				INFOPLIST_KEY_UISupportedInterfaceOrientations_iPad = "UIInterfaceOrientationPortrait UIInterfaceOrientationPortraitUpsideDown UIInterfaceOrientationLandscapeLeft UIInterfaceOrientationLandscapeRight";
				INFOPLIST_KEY_UISupportedInterfaceOrientations_iPhone = "UIInterfaceOrientationPortrait UIInterfaceOrientationLandscapeLeft UIInterfaceOrientationLandscapeRight";
				IPHONEOS_DEPLOYMENT_TARGET = 17.2;
				LD_RUNPATH_SEARCH_PATHS = (
					"$(inherited)",
					"@executable_path/Frameworks",
				);
				MARKETING_VERSION = 1.0;
				PRODUCT_BUNDLE_IDENTIFIER = com.quinnium.StudyPlanner;
				PRODUCT_NAME = "$(TARGET_NAME)";
				SUPPORTED_PLATFORMS = "iphoneos iphonesimulator";
				SUPPORTS_MACCATALYST = NO;
				SUPPORTS_MAC_DESIGNED_FOR_IPHONE_IPAD = NO;
				SUPPORTS_XR_DESIGNED_FOR_IPHONE_IPAD = NO;
				SWIFT_EMIT_LOC_STRINGS = YES;
				SWIFT_VERSION = 5.0;
				TARGETED_DEVICE_FAMILY = "1,2";
			};
			name = Debug;
		};
		025F39242B88CC090036C39C /* Release */ = {
			isa = XCBuildConfiguration;
			buildSettings = {
				ASSETCATALOG_COMPILER_APPICON_NAME = AppIcon;
				ASSETCATALOG_COMPILER_GLOBAL_ACCENT_COLOR_NAME = AccentColor;
				CODE_SIGN_STYLE = Automatic;
				CURRENT_PROJECT_VERSION = 1;
				DEVELOPMENT_ASSET_PATHS = "\"StudyPlanner/Preview Content\"";
				DEVELOPMENT_TEAM = GX3C3AN8F9;
				ENABLE_PREVIEWS = YES;
				GENERATE_INFOPLIST_FILE = YES;
				INFOPLIST_KEY_UIApplicationSceneManifest_Generation = YES;
				INFOPLIST_KEY_UIApplicationSupportsIndirectInputEvents = YES;
				INFOPLIST_KEY_UILaunchScreen_Generation = YES;
				INFOPLIST_KEY_UISupportedInterfaceOrientations_iPad = "UIInterfaceOrientationPortrait UIInterfaceOrientationPortraitUpsideDown UIInterfaceOrientationLandscapeLeft UIInterfaceOrientationLandscapeRight";
				INFOPLIST_KEY_UISupportedInterfaceOrientations_iPhone = "UIInterfaceOrientationPortrait UIInterfaceOrientationLandscapeLeft UIInterfaceOrientationLandscapeRight";
				IPHONEOS_DEPLOYMENT_TARGET = 17.2;
				LD_RUNPATH_SEARCH_PATHS = (
					"$(inherited)",
					"@executable_path/Frameworks",
				);
				MARKETING_VERSION = 1.0;
				PRODUCT_BUNDLE_IDENTIFIER = com.quinnium.StudyPlanner;
				PRODUCT_NAME = "$(TARGET_NAME)";
				SUPPORTED_PLATFORMS = "iphoneos iphonesimulator";
				SUPPORTS_MACCATALYST = NO;
				SUPPORTS_MAC_DESIGNED_FOR_IPHONE_IPAD = NO;
				SUPPORTS_XR_DESIGNED_FOR_IPHONE_IPAD = NO;
				SWIFT_EMIT_LOC_STRINGS = YES;
				SWIFT_VERSION = 5.0;
				TARGETED_DEVICE_FAMILY = "1,2";
			};
			name = Release;
		};
		025F39262B88CC090036C39C /* Debug */ = {
			isa = XCBuildConfiguration;
			buildSettings = {
				ALWAYS_EMBED_SWIFT_STANDARD_LIBRARIES = YES;
				BUNDLE_LOADER = "$(TEST_HOST)";
				CODE_SIGN_STYLE = Automatic;
				CURRENT_PROJECT_VERSION = 1;
				DEVELOPMENT_TEAM = GX3C3AN8F9;
				GENERATE_INFOPLIST_FILE = YES;
				IPHONEOS_DEPLOYMENT_TARGET = 17.2;
				MARKETING_VERSION = 1.0;
				PRODUCT_BUNDLE_IDENTIFIER = com.quinnium.StudyPlannerTests;
				PRODUCT_NAME = "$(TARGET_NAME)";
				SUPPORTED_PLATFORMS = "iphoneos iphonesimulator";
				SUPPORTS_MACCATALYST = NO;
				SUPPORTS_MAC_DESIGNED_FOR_IPHONE_IPAD = NO;
				SUPPORTS_XR_DESIGNED_FOR_IPHONE_IPAD = NO;
				SWIFT_EMIT_LOC_STRINGS = NO;
				SWIFT_VERSION = 5.0;
				TARGETED_DEVICE_FAMILY = "1,2";
				TEST_HOST = "$(BUILT_PRODUCTS_DIR)/StudyPlanner.app/$(BUNDLE_EXECUTABLE_FOLDER_PATH)/StudyPlanner";
			};
			name = Debug;
		};
		025F39272B88CC090036C39C /* Release */ = {
			isa = XCBuildConfiguration;
			buildSettings = {
				ALWAYS_EMBED_SWIFT_STANDARD_LIBRARIES = YES;
				BUNDLE_LOADER = "$(TEST_HOST)";
				CODE_SIGN_STYLE = Automatic;
				CURRENT_PROJECT_VERSION = 1;
				DEVELOPMENT_TEAM = GX3C3AN8F9;
				GENERATE_INFOPLIST_FILE = YES;
				IPHONEOS_DEPLOYMENT_TARGET = 17.2;
				MARKETING_VERSION = 1.0;
				PRODUCT_BUNDLE_IDENTIFIER = com.quinnium.StudyPlannerTests;
				PRODUCT_NAME = "$(TARGET_NAME)";
				SUPPORTED_PLATFORMS = "iphoneos iphonesimulator";
				SUPPORTS_MACCATALYST = NO;
				SUPPORTS_MAC_DESIGNED_FOR_IPHONE_IPAD = NO;
				SUPPORTS_XR_DESIGNED_FOR_IPHONE_IPAD = NO;
				SWIFT_EMIT_LOC_STRINGS = NO;
				SWIFT_VERSION = 5.0;
				TARGETED_DEVICE_FAMILY = "1,2";
				TEST_HOST = "$(BUILT_PRODUCTS_DIR)/StudyPlanner.app/$(BUNDLE_EXECUTABLE_FOLDER_PATH)/StudyPlanner";
			};
			name = Release;
		};
/* End XCBuildConfiguration section */

/* Begin XCConfigurationList section */
		025F38F92B88CC080036C39C /* Build configuration list for PBXProject "StudyPlanner" */ = {
			isa = XCConfigurationList;
			buildConfigurations = (
				025F39202B88CC090036C39C /* Debug */,
				025F39212B88CC090036C39C /* Release */,
			);
			defaultConfigurationIsVisible = 0;
			defaultConfigurationName = Release;
		};
		025F39222B88CC090036C39C /* Build configuration list for PBXNativeTarget "StudyPlanner" */ = {
			isa = XCConfigurationList;
			buildConfigurations = (
				025F39232B88CC090036C39C /* Debug */,
				025F39242B88CC090036C39C /* Release */,
			);
			defaultConfigurationIsVisible = 0;
			defaultConfigurationName = Release;
		};
		025F39252B88CC090036C39C /* Build configuration list for PBXNativeTarget "StudyPlannerTests" */ = {
			isa = XCConfigurationList;
			buildConfigurations = (
				025F39262B88CC090036C39C /* Debug */,
				025F39272B88CC090036C39C /* Release */,
			);
			defaultConfigurationIsVisible = 0;
			defaultConfigurationName = Release;
		};
/* End XCConfigurationList section */
	};
	rootObject = 025F38F62B88CC080036C39C /* Project object */;
}
