// !$*UTF8*$!
{
	archiveVersion = 1;
	classes = {
	};
	objectVersion = 56;
	objects = {

/* Begin PBXBuildFile section */
		025F39022B88CC080036C39C /* StudyPlannerApp.swift in Sources */ = {isa = PBXBuildFile; fileRef = 025F39012B88CC080036C39C /* StudyPlannerApp.swift */; };
		025F39042B88CC080036C39C /* ContentView.swift in Sources */ = {isa = PBXBuildFile; fileRef = 025F39032B88CC080036C39C /* ContentView.swift */; };
		025F39062B88CC090036C39C /* Assets.xcassets in Resources */ = {isa = PBXBuildFile; fileRef = 025F39052B88CC090036C39C /* Assets.xcassets */; };
		025F39092B88CC090036C39C /* Preview Assets.xcassets in Resources */ = {isa = PBXBuildFile; fileRef = 025F39082B88CC090036C39C /* Preview Assets.xcassets */; };
		025F39132B88CC090036C39C /* StudyPlannerTests.swift in Sources */ = {isa = PBXBuildFile; fileRef = 025F39122B88CC090036C39C /* StudyPlannerTests.swift */; };
		025F391D2B88CC090036C39C /* StudyPlannerUITests.swift in Sources */ = {isa = PBXBuildFile; fileRef = 025F391C2B88CC090036C39C /* StudyPlannerUITests.swift */; };
		025F391F2B88CC090036C39C /* StudyPlannerUITestsLaunchTests.swift in Sources */ = {isa = PBXBuildFile; fileRef = 025F391E2B88CC090036C39C /* StudyPlannerUITestsLaunchTests.swift */; };
/* End PBXBuildFile section */

/* Begin PBXContainerItemProxy section */
		025F390F2B88CC090036C39C /* PBXContainerItemProxy */ = {
			isa = PBXContainerItemProxy;
			containerPortal = 025F38F62B88CC080036C39C /* Project object */;
			proxyType = 1;
			remoteGlobalIDString = 025F38FD2B88CC080036C39C;
			remoteInfo = StudyPlanner;
		};
		025F39192B88CC090036C39C /* PBXContainerItemProxy */ = {
			isa = PBXContainerItemProxy;
			containerPortal = 025F38F62B88CC080036C39C /* Project object */;
			proxyType = 1;
			remoteGlobalIDString = 025F38FD2B88CC080036C39C;
			remoteInfo = StudyPlanner;
		};
/* End PBXContainerItemProxy section */

/* Begin PBXFileReference section */
		025F38FE2B88CC080036C39C /* StudyPlanner.app */ = {isa = PBXFileReference; explicitFileType = wrapper.application; includeInIndex = 0; path = StudyPlanner.app; sourceTree = BUILT_PRODUCTS_DIR; };
		025F39012B88CC080036C39C /* StudyPlannerApp.swift */ = {isa = PBXFileReference; lastKnownFileType = sourcecode.swift; path = StudyPlannerApp.swift; sourceTree = "<group>"; };
		025F39032B88CC080036C39C /* ContentView.swift */ = {isa = PBXFileReference; lastKnownFileType = sourcecode.swift; path = ContentView.swift; sourceTree = "<group>"; };
		025F39052B88CC090036C39C /* Assets.xcassets */ = {isa = PBXFileReference; lastKnownFileType = folder.assetcatalog; path = Assets.xcassets; sourceTree = "<group>"; };
		025F39082B88CC090036C39C /* Preview Assets.xcassets */ = {isa = PBXFileReference; lastKnownFileType = folder.assetcatalog; path = "Preview Assets.xcassets"; sourceTree = "<group>"; };
		025F390E2B88CC090036C39C /* StudyPlannerTests.xctest */ = {isa = PBXFileReference; explicitFileType = wrapper.cfbundle; includeInIndex = 0; path = StudyPlannerTests.xctest; sourceTree = BUILT_PRODUCTS_DIR; };
		025F39122B88CC090036C39C /* StudyPlannerTests.swift */ = {isa = PBXFileReference; lastKnownFileType = sourcecode.swift; path = StudyPlannerTests.swift; sourceTree = "<group>"; };
		025F39182B88CC090036C39C /* StudyPlannerUITests.xctest */ = {isa = PBXFileReference; explicitFileType = wrapper.cfbundle; includeInIndex = 0; path = StudyPlannerUITests.xctest; sourceTree = BUILT_PRODUCTS_DIR; };
		025F391C2B88CC090036C39C /* StudyPlannerUITests.swift */ = {isa = PBXFileReference; lastKnownFileType = sourcecode.swift; path = StudyPlannerUITests.swift; sourceTree = "<group>"; };
		025F391E2B88CC090036C39C /* StudyPlannerUITestsLaunchTests.swift */ = {isa = PBXFileReference; lastKnownFileType = sourcecode.swift; path = StudyPlannerUITestsLaunchTests.swift; sourceTree = "<group>"; };
/* End PBXFileReference section */

/* Begin PBXFrameworksBuildPhase section */
		025F38FB2B88CC080036C39C /* Frameworks */ = {
			isa = PBXFrameworksBuildPhase;
			buildActionMask = 2147483647;
			files = (
			);
			runOnlyForDeploymentPostprocessing = 0;
		};
		025F390B2B88CC090036C39C /* Frameworks */ = {
			isa = PBXFrameworksBuildPhase;
			buildActionMask = 2147483647;
			files = (
			);
			runOnlyForDeploymentPostprocessing = 0;
		};
		025F39152B88CC090036C39C /* Frameworks */ = {
			isa = PBXFrameworksBuildPhase;
			buildActionMask = 2147483647;
			files = (
			);
			runOnlyForDeploymentPostprocessing = 0;
		};
/* End PBXFrameworksBuildPhase section */

/* Begin PBXGroup section */
		025F38F52B88CC080036C39C = {
			isa = PBXGroup;
			children = (
				025F39002B88CC080036C39C /* StudyPlanner */,
				025F39112B88CC090036C39C /* StudyPlannerTests */,
				025F391B2B88CC090036C39C /* StudyPlannerUITests */,
				025F38FF2B88CC080036C39C /* Products */,
			);
			sourceTree = "<group>";
		};
		025F38FF2B88CC080036C39C /* Products */ = {
			isa = PBXGroup;
			children = (
				025F38FE2B88CC080036C39C /* StudyPlanner.app */,
				025F390E2B88CC090036C39C /* StudyPlannerTests.xctest */,
				025F39182B88CC090036C39C /* StudyPlannerUITests.xctest */,
			);
			name = Products;
			sourceTree = "<group>";
		};
		025F39002B88CC080036C39C /* StudyPlanner */ = {
			isa = PBXGroup;
			children = (
				025F39012B88CC080036C39C /* StudyPlannerApp.swift */,
				025F39032B88CC080036C39C /* ContentView.swift */,
				025F39052B88CC090036C39C /* Assets.xcassets */,
				025F39072B88CC090036C39C /* Preview Content */,
			);
			path = StudyPlanner;
			sourceTree = "<group>";
		};
		025F39072B88CC090036C39C /* Preview Content */ = {
			isa = PBXGroup;
			children = (
				025F39082B88CC090036C39C /* Preview Assets.xcassets */,
			);
			path = "Preview Content";
			sourceTree = "<group>";
		};
		025F39112B88CC090036C39C /* StudyPlannerTests */ = {
			isa = PBXGroup;
			children = (
				025F39122B88CC090036C39C /* StudyPlannerTests.swift */,
			);
			path = StudyPlannerTests;
			sourceTree = "<group>";
		};
		025F391B2B88CC090036C39C /* StudyPlannerUITests */ = {
			isa = PBXGroup;
			children = (
				025F391C2B88CC090036C39C /* StudyPlannerUITests.swift */,
				025F391E2B88CC090036C39C /* StudyPlannerUITestsLaunchTests.swift */,
			);
			path = StudyPlannerUITests;
			sourceTree = "<group>";
		};
/* End PBXGroup section */

/* Begin PBXNativeTarget section */
		025F38FD2B88CC080036C39C /* StudyPlanner */ = {
			isa = PBXNativeTarget;
			buildConfigurationList = 025F39222B88CC090036C39C /* Build configuration list for PBXNativeTarget "StudyPlanner" */;
			buildPhases = (
				025F38FA2B88CC080036C39C /* Sources */,
				025F38FB2B88CC080036C39C /* Frameworks */,
				025F38FC2B88CC080036C39C /* Resources */,
			);
			buildRules = (
			);
			dependencies = (
			);
			name = StudyPlanner;
			productName = StudyPlanner;
			productReference = 025F38FE2B88CC080036C39C /* StudyPlanner.app */;
			productType = "com.apple.product-type.application";
		};
		025F390D2B88CC090036C39C /* StudyPlannerTests */ = {
			isa = PBXNativeTarget;
			buildConfigurationList = 025F39252B88CC090036C39C /* Build configuration list for PBXNativeTarget "StudyPlannerTests" */;
			buildPhases = (
				025F390A2B88CC090036C39C /* Sources */,
				025F390B2B88CC090036C39C /* Frameworks */,
				025F390C2B88CC090036C39C /* Resources */,
			);
			buildRules = (
			);
			dependencies = (
				025F39102B88CC090036C39C /* PBXTargetDependency */,
			);
			name = StudyPlannerTests;
			productName = StudyPlannerTests;
			productReference = 025F390E2B88CC090036C39C /* StudyPlannerTests.xctest */;
			productType = "com.apple.product-type.bundle.unit-test";
		};
		025F39172B88CC090036C39C /* StudyPlannerUITests */ = {
			isa = PBXNativeTarget;
			buildConfigurationList = 025F39282B88CC090036C39C /* Build configuration list for PBXNativeTarget "StudyPlannerUITests" */;
			buildPhases = (
				025F39142B88CC090036C39C /* Sources */,
				025F39152B88CC090036C39C /* Frameworks */,
				025F39162B88CC090036C39C /* Resources */,
			);
			buildRules = (
			);
			dependencies = (
				025F391A2B88CC090036C39C /* PBXTargetDependency */,
			);
			name = StudyPlannerUITests;
			productName = StudyPlannerUITests;
			productReference = 025F39182B88CC090036C39C /* StudyPlannerUITests.xctest */;
			productType = "com.apple.product-type.bundle.ui-testing";
		};
/* End PBXNativeTarget section */

/* Begin PBXProject section */
		025F38F62B88CC080036C39C /* Project object */ = {
			isa = PBXProject;
			attributes = {
				BuildIndependentTargetsInParallel = 1;
				LastSwiftUpdateCheck = 1520;
				LastUpgradeCheck = 1520;
				TargetAttributes = {
					025F38FD2B88CC080036C39C = {
						CreatedOnToolsVersion = 15.2;
					};
					025F390D2B88CC090036C39C = {
						CreatedOnToolsVersion = 15.2;
						TestTargetID = 025F38FD2B88CC080036C39C;
					};
					025F39172B88CC090036C39C = {
						CreatedOnToolsVersion = 15.2;
						TestTargetID = 025F38FD2B88CC080036C39C;
					};
				};
			};
			buildConfigurationList = 025F38F92B88CC080036C39C /* Build configuration list for PBXProject "StudyPlanner" */;
			compatibilityVersion = "Xcode 14.0";
			developmentRegion = en;
			hasScannedForEncodings = 0;
			knownRegions = (
				en,
				Base,
			);
			mainGroup = 025F38F52B88CC080036C39C;
			productRefGroup = 025F38FF2B88CC080036C39C /* Products */;
			projectDirPath = "";
			projectRoot = "";
			targets = (
				025F38FD2B88CC080036C39C /* StudyPlanner */,
				025F390D2B88CC090036C39C /* StudyPlannerTests */,
				025F39172B88CC090036C39C /* StudyPlannerUITests */,
			);
		};
/* End PBXProject section */

/* Begin PBXResourcesBuildPhase section */
		025F38FC2B88CC080036C39C /* Resources */ = {
			isa = PBXResourcesBuildPhase;
			buildActionMask = 2147483647;
			files = (
				025F39092B88CC090036C39C /* Preview Assets.xcassets in Resources */,
				025F39062B88CC090036C39C /* Assets.xcassets in Resources */,
			);
			runOnlyForDeploymentPostprocessing = 0;
		};
		025F390C2B88CC090036C39C /* Resources */ = {
			isa = PBXResourcesBuildPhase;
			buildActionMask = 2147483647;
			files = (
			);
			runOnlyForDeploymentPostprocessing = 0;
		};
		025F39162B88CC090036C39C /* Resources */ = {
			isa = PBXResourcesBuildPhase;
			buildActionMask = 2147483647;
			files = (
			);
			runOnlyForDeploymentPostprocessing = 0;
		};
/* End PBXResourcesBuildPhase section */

/* Begin PBXSourcesBuildPhase section */
		025F38FA2B88CC080036C39C /* Sources */ = {
			isa = PBXSourcesBuildPhase;
			buildActionMask = 2147483647;
			files = (
				025F39042B88CC080036C39C /* ContentView.swift in Sources */,
				025F39022B88CC080036C39C /* StudyPlannerApp.swift in Sources */,
			);
			runOnlyForDeploymentPostprocessing = 0;
		};
		025F390A2B88CC090036C39C /* Sources */ = {
			isa = PBXSourcesBuildPhase;
			buildActionMask = 2147483647;
			files = (
				025F39132B88CC090036C39C /* StudyPlannerTests.swift in Sources */,
			);
			runOnlyForDeploymentPostprocessing = 0;
		};
		025F39142B88CC090036C39C /* Sources */ = {
			isa = PBXSourcesBuildPhase;
			buildActionMask = 2147483647;
			files = (
				025F391D2B88CC090036C39C /* StudyPlannerUITests.swift in Sources */,
				025F391F2B88CC090036C39C /* StudyPlannerUITestsLaunchTests.swift in Sources */,
			);
			runOnlyForDeploymentPostprocessing = 0;
		};
/* End PBXSourcesBuildPhase section */

/* Begin PBXTargetDependency section */
		025F39102B88CC090036C39C /* PBXTargetDependency */ = {
			isa = PBXTargetDependency;
			target = 025F38FD2B88CC080036C39C /* StudyPlanner */;
			targetProxy = 025F390F2B88CC090036C39C /* PBXContainerItemProxy */;
		};
		025F391A2B88CC090036C39C /* PBXTargetDependency */ = {
			isa = PBXTargetDependency;
			target = 025F38FD2B88CC080036C39C /* StudyPlanner */;
			targetProxy = 025F39192B88CC090036C39C /* PBXContainerItemProxy */;
		};
/* End PBXTargetDependency section */

/* Begin XCBuildConfiguration section */
		025F39202B88CC090036C39C /* Debug */ = {
			isa = XCBuildConfiguration;
			buildSettings = {
				ALWAYS_SEARCH_USER_PATHS = NO;
				ASSETCATALOG_COMPILER_GENERATE_SWIFT_ASSET_SYMBOL_EXTENSIONS = YES;
				CLANG_ANALYZER_NONNULL = YES;
				CLANG_ANALYZER_NUMBER_OBJECT_CONVERSION = YES_AGGRESSIVE;
				CLANG_CXX_LANGUAGE_STANDARD = "gnu++20";
				CLANG_ENABLE_MODULES = YES;
				CLANG_ENABLE_OBJC_ARC = YES;
				CLANG_ENABLE_OBJC_WEAK = YES;
				CLANG_WARN_BLOCK_CAPTURE_AUTORELEASING = YES;
				CLANG_WARN_BOOL_CONVERSION = YES;
				CLANG_WARN_COMMA = YES;
				CLANG_WARN_CONSTANT_CONVERSION = YES;
				CLANG_WARN_DEPRECATED_OBJC_IMPLEMENTATIONS = YES;
				CLANG_WARN_DIRECT_OBJC_ISA_USAGE = YES_ERROR;
				CLANG_WARN_DOCUMENTATION_COMMENTS = YES;
				CLANG_WARN_EMPTY_BODY = YES;
				CLANG_WARN_ENUM_CONVERSION = YES;
				CLANG_WARN_INFINITE_RECURSION = YES;
				CLANG_WARN_INT_CONVERSION = YES;
				CLANG_WARN_NON_LITERAL_NULL_CONVERSION = YES;
				CLANG_WARN_OBJC_IMPLICIT_RETAIN_SELF = YES;
				CLANG_WARN_OBJC_LITERAL_CONVERSION = YES;
				CLANG_WARN_OBJC_ROOT_CLASS = YES_ERROR;
				CLANG_WARN_QUOTED_INCLUDE_IN_FRAMEWORK_HEADER = YES;
				CLANG_WARN_RANGE_LOOP_ANALYSIS = YES;
				CLANG_WARN_STRICT_PROTOTYPES = YES;
				CLANG_WARN_SUSPICIOUS_MOVE = YES;
				CLANG_WARN_UNGUARDED_AVAILABILITY = YES_AGGRESSIVE;
				CLANG_WARN_UNREACHABLE_CODE = YES;
				CLANG_WARN__DUPLICATE_METHOD_MATCH = YES;
				COPY_PHASE_STRIP = NO;
				DEBUG_INFORMATION_FORMAT = dwarf;
				ENABLE_STRICT_OBJC_MSGSEND = YES;
				ENABLE_TESTABILITY = YES;
				ENABLE_USER_SCRIPT_SANDBOXING = YES;
				GCC_C_LANGUAGE_STANDARD = gnu17;
				GCC_DYNAMIC_NO_PIC = NO;
				GCC_NO_COMMON_BLOCKS = YES;
				GCC_OPTIMIZATION_LEVEL = 0;
				GCC_PREPROCESSOR_DEFINITIONS = (
					"DEBUG=1",
					"$(inherited)",
				);
				GCC_WARN_64_TO_32_BIT_CONVERSION = YES;
				GCC_WARN_ABOUT_RETURN_TYPE = YES_ERROR;
				GCC_WARN_UNDECLARED_SELECTOR = YES;
				GCC_WARN_UNINITIALIZED_AUTOS = YES_AGGRESSIVE;
				GCC_WARN_UNUSED_FUNCTION = YES;
				GCC_WARN_UNUSED_VARIABLE = YES;
				IPHONEOS_DEPLOYMENT_TARGET = 17.2;
				LOCALIZATION_PREFERS_STRING_CATALOGS = YES;
				MTL_ENABLE_DEBUG_INFO = INCLUDE_SOURCE;
				MTL_FAST_MATH = YES;
				ONLY_ACTIVE_ARCH = YES;
				SDKROOT = iphoneos;
				SWIFT_ACTIVE_COMPILATION_CONDITIONS = "DEBUG $(inherited)";
				SWIFT_OPTIMIZATION_LEVEL = "-Onone";
			};
			name = Debug;
		};
		025F39212B88CC090036C39C /* Release */ = {
			isa = XCBuildConfiguration;
			buildSettings = {
				ALWAYS_SEARCH_USER_PATHS = NO;
				ASSETCATALOG_COMPILER_GENERATE_SWIFT_ASSET_SYMBOL_EXTENSIONS = YES;
				CLANG_ANALYZER_NONNULL = YES;
				CLANG_ANALYZER_NUMBER_OBJECT_CONVERSION = YES_AGGRESSIVE;
				CLANG_CXX_LANGUAGE_STANDARD = "gnu++20";
				CLANG_ENABLE_MODULES = YES;
				CLANG_ENABLE_OBJC_ARC = YES;
				CLANG_ENABLE_OBJC_WEAK = YES;
				CLANG_WARN_BLOCK_CAPTURE_AUTORELEASING = YES;
				CLANG_WARN_BOOL_CONVERSION = YES;
				CLANG_WARN_COMMA = YES;
				CLANG_WARN_CONSTANT_CONVERSION = YES;
				CLANG_WARN_DEPRECATED_OBJC_IMPLEMENTATIONS = YES;
				CLANG_WARN_DIRECT_OBJC_ISA_USAGE = YES_ERROR;
				CLANG_WARN_DOCUMENTATION_COMMENTS = YES;
				CLANG_WARN_EMPTY_BODY = YES;
				CLANG_WARN_ENUM_CONVERSION = YES;
				CLANG_WARN_INFINITE_RECURSION = YES;
				CLANG_WARN_INT_CONVERSION = YES;
				CLANG_WARN_NON_LITERAL_NULL_CONVERSION = YES;
				CLANG_WARN_OBJC_IMPLICIT_RETAIN_SELF = YES;
				CLANG_WARN_OBJC_LITERAL_CONVERSION = YES;
				CLANG_WARN_OBJC_ROOT_CLASS = YES_ERROR;
				CLANG_WARN_QUOTED_INCLUDE_IN_FRAMEWORK_HEADER = YES;
				CLANG_WARN_RANGE_LOOP_ANALYSIS = YES;
				CLANG_WARN_STRICT_PROTOTYPES = YES;
				CLANG_WARN_SUSPICIOUS_MOVE = YES;
				CLANG_WARN_UNGUARDED_AVAILABILITY = YES_AGGRESSIVE;
				CLANG_WARN_UNREACHABLE_CODE = YES;
				CLANG_WARN__DUPLICATE_METHOD_MATCH = YES;
				COPY_PHASE_STRIP = NO;
				DEBUG_INFORMATION_FORMAT = "dwarf-with-dsym";
				ENABLE_NS_ASSERTIONS = NO;
				ENABLE_STRICT_OBJC_MSGSEND = YES;
				ENABLE_USER_SCRIPT_SANDBOXING = YES;
				GCC_C_LANGUAGE_STANDARD = gnu17;
				GCC_NO_COMMON_BLOCKS = YES;
				GCC_WARN_64_TO_32_BIT_CONVERSION = YES;
				GCC_WARN_ABOUT_RETURN_TYPE = YES_ERROR;
				GCC_WARN_UNDECLARED_SELECTOR = YES;
				GCC_WARN_UNINITIALIZED_AUTOS = YES_AGGRESSIVE;
				GCC_WARN_UNUSED_FUNCTION = YES;
				GCC_WARN_UNUSED_VARIABLE = YES;
				IPHONEOS_DEPLOYMENT_TARGET = 17.2;
				LOCALIZATION_PREFERS_STRING_CATALOGS = YES;
				MTL_ENABLE_DEBUG_INFO = NO;
				MTL_FAST_MATH = YES;
				SDKROOT = iphoneos;
				SWIFT_COMPILATION_MODE = wholemodule;
				VALIDATE_PRODUCT = YES;
			};
			name = Release;
		};
		025F39232B88CC090036C39C /* Debug */ = {
			isa = XCBuildConfiguration;
			buildSettings = {
				ASSETCATALOG_COMPILER_APPICON_NAME = AppIcon;
				ASSETCATALOG_COMPILER_GLOBAL_ACCENT_COLOR_NAME = AccentColor;
				CODE_SIGN_STYLE = Automatic;
				CURRENT_PROJECT_VERSION = 1;
				DEVELOPMENT_ASSET_PATHS = "\"StudyPlanner/Preview Content\"";
				DEVELOPMENT_TEAM = GX3C3AN8F9;
				ENABLE_PREVIEWS = YES;
				GENERATE_INFOPLIST_FILE = YES;
				INFOPLIST_KEY_UIApplicationSceneManifest_Generation = YES;
				INFOPLIST_KEY_UIApplicationSupportsIndirectInputEvents = YES;
				INFOPLIST_KEY_UILaunchScreen_Generation = YES;
				INFOPLIST_KEY_UISupportedInterfaceOrientations_iPad = "UIInterfaceOrientationPortrait UIInterfaceOrientationPortraitUpsideDown UIInterfaceOrientationLandscapeLeft UIInterfaceOrientationLandscapeRight";
				INFOPLIST_KEY_UISupportedInterfaceOrientations_iPhone = "UIInterfaceOrientationPortrait UIInterfaceOrientationLandscapeLeft UIInterfaceOrientationLandscapeRight";
				LD_RUNPATH_SEARCH_PATHS = (
					"$(inherited)",
					"@executable_path/Frameworks",
				);
				MARKETING_VERSION = 1.0;
				PRODUCT_BUNDLE_IDENTIFIER = com.quinnium.StudyPlanner;
				PRODUCT_NAME = "$(TARGET_NAME)";
				SWIFT_EMIT_LOC_STRINGS = YES;
				SWIFT_VERSION = 5.0;
				TARGETED_DEVICE_FAMILY = "1,2";
			};
			name = Debug;
		};
		025F39242B88CC090036C39C /* Release */ = {
			isa = XCBuildConfiguration;
			buildSettings = {
				ASSETCATALOG_COMPILER_APPICON_NAME = AppIcon;
				ASSETCATALOG_COMPILER_GLOBAL_ACCENT_COLOR_NAME = AccentColor;
				CODE_SIGN_STYLE = Automatic;
				CURRENT_PROJECT_VERSION = 1;
				DEVELOPMENT_ASSET_PATHS = "\"StudyPlanner/Preview Content\"";
				DEVELOPMENT_TEAM = GX3C3AN8F9;
				ENABLE_PREVIEWS = YES;
				GENERATE_INFOPLIST_FILE = YES;
				INFOPLIST_KEY_UIApplicationSceneManifest_Generation = YES;
				INFOPLIST_KEY_UIApplicationSupportsIndirectInputEvents = YES;
				INFOPLIST_KEY_UILaunchScreen_Generation = YES;
				INFOPLIST_KEY_UISupportedInterfaceOrientations_iPad = "UIInterfaceOrientationPortrait UIInterfaceOrientationPortraitUpsideDown UIInterfaceOrientationLandscapeLeft UIInterfaceOrientationLandscapeRight";
				INFOPLIST_KEY_UISupportedInterfaceOrientations_iPhone = "UIInterfaceOrientationPortrait UIInterfaceOrientationLandscapeLeft UIInterfaceOrientationLandscapeRight";
				LD_RUNPATH_SEARCH_PATHS = (
					"$(inherited)",
					"@executable_path/Frameworks",
				);
				MARKETING_VERSION = 1.0;
				PRODUCT_BUNDLE_IDENTIFIER = com.quinnium.StudyPlanner;
				PRODUCT_NAME = "$(TARGET_NAME)";
				SWIFT_EMIT_LOC_STRINGS = YES;
				SWIFT_VERSION = 5.0;
				TARGETED_DEVICE_FAMILY = "1,2";
			};
			name = Release;
		};
		025F39262B88CC090036C39C /* Debug */ = {
			isa = XCBuildConfiguration;
			buildSettings = {
				ALWAYS_EMBED_SWIFT_STANDARD_LIBRARIES = YES;
				BUNDLE_LOADER = "$(TEST_HOST)";
				CODE_SIGN_STYLE = Automatic;
				CURRENT_PROJECT_VERSION = 1;
				DEVELOPMENT_TEAM = GX3C3AN8F9;
				GENERATE_INFOPLIST_FILE = YES;
				IPHONEOS_DEPLOYMENT_TARGET = 17.2;
				MARKETING_VERSION = 1.0;
				PRODUCT_BUNDLE_IDENTIFIER = com.quinnium.StudyPlannerTests;
				PRODUCT_NAME = "$(TARGET_NAME)";
				SWIFT_EMIT_LOC_STRINGS = NO;
				SWIFT_VERSION = 5.0;
				TARGETED_DEVICE_FAMILY = "1,2";
				TEST_HOST = "$(BUILT_PRODUCTS_DIR)/StudyPlanner.app/$(BUNDLE_EXECUTABLE_FOLDER_PATH)/StudyPlanner";
			};
			name = Debug;
		};
		025F39272B88CC090036C39C /* Release */ = {
			isa = XCBuildConfiguration;
			buildSettings = {
				ALWAYS_EMBED_SWIFT_STANDARD_LIBRARIES = YES;
				BUNDLE_LOADER = "$(TEST_HOST)";
				CODE_SIGN_STYLE = Automatic;
				CURRENT_PROJECT_VERSION = 1;
				DEVELOPMENT_TEAM = GX3C3AN8F9;
				GENERATE_INFOPLIST_FILE = YES;
				IPHONEOS_DEPLOYMENT_TARGET = 17.2;
				MARKETING_VERSION = 1.0;
				PRODUCT_BUNDLE_IDENTIFIER = com.quinnium.StudyPlannerTests;
				PRODUCT_NAME = "$(TARGET_NAME)";
				SWIFT_EMIT_LOC_STRINGS = NO;
				SWIFT_VERSION = 5.0;
				TARGETED_DEVICE_FAMILY = "1,2";
				TEST_HOST = "$(BUILT_PRODUCTS_DIR)/StudyPlanner.app/$(BUNDLE_EXECUTABLE_FOLDER_PATH)/StudyPlanner";
			};
			name = Release;
		};
		025F39292B88CC090036C39C /* Debug */ = {
			isa = XCBuildConfiguration;
			buildSettings = {
				ALWAYS_EMBED_SWIFT_STANDARD_LIBRARIES = YES;
				CODE_SIGN_STYLE = Automatic;
				CURRENT_PROJECT_VERSION = 1;
				DEVELOPMENT_TEAM = GX3C3AN8F9;
				GENERATE_INFOPLIST_FILE = YES;
				MARKETING_VERSION = 1.0;
				PRODUCT_BUNDLE_IDENTIFIER = com.quinnium.StudyPlannerUITests;
				PRODUCT_NAME = "$(TARGET_NAME)";
				SWIFT_EMIT_LOC_STRINGS = NO;
				SWIFT_VERSION = 5.0;
				TARGETED_DEVICE_FAMILY = "1,2";
				TEST_TARGET_NAME = StudyPlanner;
			};
			name = Debug;
		};
		025F392A2B88CC090036C39C /* Release */ = {
			isa = XCBuildConfiguration;
			buildSettings = {
				ALWAYS_EMBED_SWIFT_STANDARD_LIBRARIES = YES;
				CODE_SIGN_STYLE = Automatic;
				CURRENT_PROJECT_VERSION = 1;
				DEVELOPMENT_TEAM = GX3C3AN8F9;
				GENERATE_INFOPLIST_FILE = YES;
				MARKETING_VERSION = 1.0;
				PRODUCT_BUNDLE_IDENTIFIER = com.quinnium.StudyPlannerUITests;
				PRODUCT_NAME = "$(TARGET_NAME)";
				SWIFT_EMIT_LOC_STRINGS = NO;
				SWIFT_VERSION = 5.0;
				TARGETED_DEVICE_FAMILY = "1,2";
				TEST_TARGET_NAME = StudyPlanner;
			};
			name = Release;
		};
/* End XCBuildConfiguration section */

/* Begin XCConfigurationList section */
		025F38F92B88CC080036C39C /* Build configuration list for PBXProject "StudyPlanner" */ = {
			isa = XCConfigurationList;
			buildConfigurations = (
				025F39202B88CC090036C39C /* Debug */,
				025F39212B88CC090036C39C /* Release */,
			);
			defaultConfigurationIsVisible = 0;
			defaultConfigurationName = Release;
		};
		025F39222B88CC090036C39C /* Build configuration list for PBXNativeTarget "StudyPlanner" */ = {
			isa = XCConfigurationList;
			buildConfigurations = (
				025F39232B88CC090036C39C /* Debug */,
				025F39242B88CC090036C39C /* Release */,
			);
			defaultConfigurationIsVisible = 0;
			defaultConfigurationName = Release;
		};
		025F39252B88CC090036C39C /* Build configuration list for PBXNativeTarget "StudyPlannerTests" */ = {
			isa = XCConfigurationList;
			buildConfigurations = (
				025F39262B88CC090036C39C /* Debug */,
				025F39272B88CC090036C39C /* Release */,
			);
			defaultConfigurationIsVisible = 0;
			defaultConfigurationName = Release;
		};
		025F39282B88CC090036C39C /* Build configuration list for PBXNativeTarget "StudyPlannerUITests" */ = {
			isa = XCConfigurationList;
			buildConfigurations = (
				025F39292B88CC090036C39C /* Debug */,
				025F392A2B88CC090036C39C /* Release */,
			);
			defaultConfigurationIsVisible = 0;
			defaultConfigurationName = Release;
		};
/* End XCConfigurationList section */
	};
	rootObject = 025F38F62B88CC080036C39C /* Project object */;
}
